// !$*UTF8*$!
{
	archiveVersion = 1;
	classes = {
	};
	objectVersion = 50;
	objects = {

/* Begin PBXBuildFile section */
		665B722C25FB1591002732C8 /* main.cpp in Sources */ = {isa = PBXBuildFile; fileRef = 665B722B25FB1591002732C8 /* main.cpp */; };
		665B723525FB15CD002732C8 /* account.cpp in Sources */ = {isa = PBXBuildFile; fileRef = 665B723325FB15CD002732C8 /* account.cpp */; };
		665B723925FB1CEE002732C8 /* chequing_account.cpp in Sources */ = {isa = PBXBuildFile; fileRef = 665B723725FB1CEE002732C8 /* chequing_account.cpp */; };
		66AEF6EE25FE59C6001022B7 /* iAccount.cpp in Sources */ = {isa = PBXBuildFile; fileRef = 66AEF6EC25FE59C6001022B7 /* iAccount.cpp */; };
		66CB42D325FD327E00055D3D /* saving_account.cpp in Sources */ = {isa = PBXBuildFile; fileRef = 66CB42D125FD327E00055D3D /* saving_account.cpp */; };
/* End PBXBuildFile section */

/* Begin PBXCopyFilesBuildPhase section */
		665B722625FB1591002732C8 /* CopyFiles */ = {
			isa = PBXCopyFilesBuildPhase;
			buildActionMask = 2147483647;
			dstPath = /usr/share/man/man1/;
			dstSubfolderSpec = 0;
			files = (
			);
			runOnlyForDeploymentPostprocessing = 1;
		};
/* End PBXCopyFilesBuildPhase section */

/* Begin PBXFileReference section */
		665B722825FB1591002732C8 /* 3-Bank_Account */ = {isa = PBXFileReference; explicitFileType = "compiled.mach-o.executable"; includeInIndex = 0; path = "3-Bank_Account"; sourceTree = BUILT_PRODUCTS_DIR; };
		665B722B25FB1591002732C8 /* main.cpp */ = {isa = PBXFileReference; lastKnownFileType = sourcecode.cpp.cpp; path = main.cpp; sourceTree = "<group>"; };
		665B723325FB15CD002732C8 /* account.cpp */ = {isa = PBXFileReference; lastKnownFileType = sourcecode.cpp.cpp; path = account.cpp; sourceTree = "<group>"; };
		665B723425FB15CD002732C8 /* account.hpp */ = {isa = PBXFileReference; lastKnownFileType = sourcecode.cpp.h; path = account.hpp; sourceTree = "<group>"; };
		665B723725FB1CEE002732C8 /* chequing_account.cpp */ = {isa = PBXFileReference; lastKnownFileType = sourcecode.cpp.cpp; path = chequing_account.cpp; sourceTree = "<group>"; };
		665B723825FB1CEE002732C8 /* chequing_account.hpp */ = {isa = PBXFileReference; lastKnownFileType = sourcecode.cpp.h; path = chequing_account.hpp; sourceTree = "<group>"; };
		66AEF6EC25FE59C6001022B7 /* iAccount.cpp */ = {isa = PBXFileReference; lastKnownFileType = sourcecode.cpp.cpp; path = iAccount.cpp; sourceTree = "<group>"; };
		66AEF6ED25FE59C6001022B7 /* iAccount.hpp */ = {isa = PBXFileReference; lastKnownFileType = sourcecode.cpp.h; path = iAccount.hpp; sourceTree = "<group>"; };
		66CB42D125FD327E00055D3D /* saving_account.cpp */ = {isa = PBXFileReference; lastKnownFileType = sourcecode.cpp.cpp; path = saving_account.cpp; sourceTree = "<group>"; };
		66CB42D225FD327E00055D3D /* saving_account.hpp */ = {isa = PBXFileReference; lastKnownFileType = sourcecode.cpp.h; path = saving_account.hpp; sourceTree = "<group>"; };
/* End PBXFileReference section */

/* Begin PBXFrameworksBuildPhase section */
		665B722525FB1591002732C8 /* Frameworks */ = {
			isa = PBXFrameworksBuildPhase;
			buildActionMask = 2147483647;
			files = (
			);
			runOnlyForDeploymentPostprocessing = 0;
		};
/* End PBXFrameworksBuildPhase section */

/* Begin PBXGroup section */
		665B721F25FB1591002732C8 = {
			isa = PBXGroup;
			children = (
				665B722A25FB1591002732C8 /* 3-Bank_Account */,
				665B722925FB1591002732C8 /* Products */,
			);
			sourceTree = "<group>";
		};
		665B722925FB1591002732C8 /* Products */ = {
			isa = PBXGroup;
			children = (
				665B722825FB1591002732C8 /* 3-Bank_Account */,
			);
			name = Products;
			sourceTree = "<group>";
		};
		665B722A25FB1591002732C8 /* 3-Bank_Account */ = {
			isa = PBXGroup;
			children = (
				665B722B25FB1591002732C8 /* main.cpp */,
				66AEF6ED25FE59C6001022B7 /* iAccount.hpp */,
				66AEF6EC25FE59C6001022B7 /* iAccount.cpp */,
				665B723425FB15CD002732C8 /* account.hpp */,
				665B723325FB15CD002732C8 /* account.cpp */,
				665B723725FB1CEE002732C8 /* chequing_account.cpp */,
				665B723825FB1CEE002732C8 /* chequing_account.hpp */,
				66CB42D225FD327E00055D3D /* saving_account.hpp */,
				66CB42D125FD327E00055D3D /* saving_account.cpp */,
			);
			path = "3-Bank_Account";
			sourceTree = "<group>";
		};
/* End PBXGroup section */

/* Begin PBXNativeTarget section */
		665B722725FB1591002732C8 /* 3-Bank_Account */ = {
			isa = PBXNativeTarget;
			buildConfigurationList = 665B722F25FB1591002732C8 /* Build configuration list for PBXNativeTarget "3-Bank_Account" */;
			buildPhases = (
				665B722425FB1591002732C8 /* Sources */,
				665B722525FB1591002732C8 /* Frameworks */,
				665B722625FB1591002732C8 /* CopyFiles */,
			);
			buildRules = (
			);
			dependencies = (
			);
			name = "3-Bank_Account";
			productName = "3-Bank_Account";
			productReference = 665B722825FB1591002732C8 /* 3-Bank_Account */;
			productType = "com.apple.product-type.tool";
		};
/* End PBXNativeTarget section */

/* Begin PBXProject section */
		665B722025FB1591002732C8 /* Project object */ = {
			isa = PBXProject;
			attributes = {
				LastUpgradeCheck = 1240;
				TargetAttributes = {
					665B722725FB1591002732C8 = {
						CreatedOnToolsVersion = 12.4;
					};
				};
			};
			buildConfigurationList = 665B722325FB1591002732C8 /* Build configuration list for PBXProject "3-Bank_Account" */;
			compatibilityVersion = "Xcode 9.3";
			developmentRegion = en;
			hasScannedForEncodings = 0;
			knownRegions = (
				en,
				Base,
			);
			mainGroup = 665B721F25FB1591002732C8;
			productRefGroup = 665B722925FB1591002732C8 /* Products */;
			projectDirPath = "";
			projectRoot = "";
			targets = (
				665B722725FB1591002732C8 /* 3-Bank_Account */,
			);
		};
/* End PBXProject section */

/* Begin PBXSourcesBuildPhase section */
		665B722425FB1591002732C8 /* Sources */ = {
			isa = PBXSourcesBuildPhase;
			buildActionMask = 2147483647;
			files = (
				66AEF6EE25FE59C6001022B7 /* iAccount.cpp in Sources */,
				665B722C25FB1591002732C8 /* main.cpp in Sources */,
				665B723925FB1CEE002732C8 /* chequing_account.cpp in Sources */,
				665B723525FB15CD002732C8 /* account.cpp in Sources */,
				66CB42D325FD327E00055D3D /* saving_account.cpp in Sources */,
			);
			runOnlyForDeploymentPostprocessing = 0;
		};
/* End PBXSourcesBuildPhase section */

/* Begin XCBuildConfiguration section */
		665B722D25FB1591002732C8 /* Debug */ = {
			isa = XCBuildConfiguration;
			buildSettings = {
				ALWAYS_SEARCH_USER_PATHS = NO;
				CLANG_ANALYZER_NONNULL = YES;
				CLANG_ANALYZER_NUMBER_OBJECT_CONVERSION = YES_AGGRESSIVE;
				CLANG_CXX_LANGUAGE_STANDARD = "gnu++14";
				CLANG_CXX_LIBRARY = "libc++";
				CLANG_ENABLE_MODULES = YES;
				CLANG_ENABLE_OBJC_ARC = YES;
				CLANG_ENABLE_OBJC_WEAK = YES;
				CLANG_WARN_BLOCK_CAPTURE_AUTORELEASING = YES;
				CLANG_WARN_BOOL_CONVERSION = YES;
				CLANG_WARN_COMMA = YES;
				CLANG_WARN_CONSTANT_CONVERSION = YES;
				CLANG_WARN_DEPRECATED_OBJC_IMPLEMENTATIONS = YES;
				CLANG_WARN_DIRECT_OBJC_ISA_USAGE = YES_ERROR;
				CLANG_WARN_DOCUMENTATION_COMMENTS = YES;
				CLANG_WARN_EMPTY_BODY = YES;
				CLANG_WARN_ENUM_CONVERSION = YES;
				CLANG_WARN_INFINITE_RECURSION = YES;
				CLANG_WARN_INT_CONVERSION = YES;
				CLANG_WARN_NON_LITERAL_NULL_CONVERSION = YES;
				CLANG_WARN_OBJC_IMPLICIT_RETAIN_SELF = YES;
				CLANG_WARN_OBJC_LITERAL_CONVERSION = YES;
				CLANG_WARN_OBJC_ROOT_CLASS = YES_ERROR;
				CLANG_WARN_QUOTED_INCLUDE_IN_FRAMEWORK_HEADER = YES;
				CLANG_WARN_RANGE_LOOP_ANALYSIS = YES;
				CLANG_WARN_STRICT_PROTOTYPES = YES;
				CLANG_WARN_SUSPICIOUS_MOVE = YES;
				CLANG_WARN_UNGUARDED_AVAILABILITY = YES_AGGRESSIVE;
				CLANG_WARN_UNREACHABLE_CODE = YES;
				CLANG_WARN__DUPLICATE_METHOD_MATCH = YES;
				COPY_PHASE_STRIP = NO;
				DEBUG_INFORMATION_FORMAT = dwarf;
				ENABLE_STRICT_OBJC_MSGSEND = YES;
				ENABLE_TESTABILITY = YES;
				GCC_C_LANGUAGE_STANDARD = gnu11;
				GCC_DYNAMIC_NO_PIC = NO;
				GCC_NO_COMMON_BLOCKS = YES;
				GCC_OPTIMIZATION_LEVEL = 0;
				GCC_PREPROCESSOR_DEFINITIONS = (
					"DEBUG=1",
					"$(inherited)",
				);
				GCC_WARN_64_TO_32_BIT_CONVERSION = YES;
				GCC_WARN_ABOUT_RETURN_TYPE = YES_ERROR;
				GCC_WARN_UNDECLARED_SELECTOR = YES;
				GCC_WARN_UNINITIALIZED_AUTOS = YES_AGGRESSIVE;
				GCC_WARN_UNUSED_FUNCTION = YES;
				GCC_WARN_UNUSED_VARIABLE = YES;
				MACOSX_DEPLOYMENT_TARGET = 11.0;
				MTL_ENABLE_DEBUG_INFO = INCLUDE_SOURCE;
				MTL_FAST_MATH = YES;
				ONLY_ACTIVE_ARCH = YES;
				SDKROOT = macosx;
			};
			name = Debug;
		};
		665B722E25FB1591002732C8 /* Release */ = {
			isa = XCBuildConfiguration;
			buildSettings = {
				ALWAYS_SEARCH_USER_PATHS = NO;
				CLANG_ANALYZER_NONNULL = YES;
				CLANG_ANALYZER_NUMBER_OBJECT_CONVERSION = YES_AGGRESSIVE;
				CLANG_CXX_LANGUAGE_STANDARD = "gnu++14";
				CLANG_CXX_LIBRARY = "libc++";
				CLANG_ENABLE_MODULES = YES;
				CLANG_ENABLE_OBJC_ARC = YES;
				CLANG_ENABLE_OBJC_WEAK = YES;
				CLANG_WARN_BLOCK_CAPTURE_AUTORELEASING = YES;
				CLANG_WARN_BOOL_CONVERSION = YES;
				CLANG_WARN_COMMA = YES;
				CLANG_WARN_CONSTANT_CONVERSION = YES;
				CLANG_WARN_DEPRECATED_OBJC_IMPLEMENTATIONS = YES;
				CLANG_WARN_DIRECT_OBJC_ISA_USAGE = YES_ERROR;
				CLANG_WARN_DOCUMENTATION_COMMENTS = YES;
				CLANG_WARN_EMPTY_BODY = YES;
				CLANG_WARN_ENUM_CONVERSION = YES;
				CLANG_WARN_INFINITE_RECURSION = YES;
				CLANG_WARN_INT_CONVERSION = YES;
				CLANG_WARN_NON_LITERAL_NULL_CONVERSION = YES;
				CLANG_WARN_OBJC_IMPLICIT_RETAIN_SELF = YES;
				CLANG_WARN_OBJC_LITERAL_CONVERSION = YES;
				CLANG_WARN_OBJC_ROOT_CLASS = YES_ERROR;
				CLANG_WARN_QUOTED_INCLUDE_IN_FRAMEWORK_HEADER = YES;
				CLANG_WARN_RANGE_LOOP_ANALYSIS = YES;
				CLANG_WARN_STRICT_PROTOTYPES = YES;
				CLANG_WARN_SUSPICIOUS_MOVE = YES;
				CLANG_WARN_UNGUARDED_AVAILABILITY = YES_AGGRESSIVE;
				CLANG_WARN_UNREACHABLE_CODE = YES;
				CLANG_WARN__DUPLICATE_METHOD_MATCH = YES;
				COPY_PHASE_STRIP = NO;
				DEBUG_INFORMATION_FORMAT = "dwarf-with-dsym";
				ENABLE_NS_ASSERTIONS = NO;
				ENABLE_STRICT_OBJC_MSGSEND = YES;
				GCC_C_LANGUAGE_STANDARD = gnu11;
				GCC_NO_COMMON_BLOCKS = YES;
				GCC_WARN_64_TO_32_BIT_CONVERSION = YES;
				GCC_WARN_ABOUT_RETURN_TYPE = YES_ERROR;
				GCC_WARN_UNDECLARED_SELECTOR = YES;
				GCC_WARN_UNINITIALIZED_AUTOS = YES_AGGRESSIVE;
				GCC_WARN_UNUSED_FUNCTION = YES;
				GCC_WARN_UNUSED_VARIABLE = YES;
				MACOSX_DEPLOYMENT_TARGET = 11.0;
				MTL_ENABLE_DEBUG_INFO = NO;
				MTL_FAST_MATH = YES;
				SDKROOT = macosx;
			};
			name = Release;
		};
		665B723025FB1591002732C8 /* Debug */ = {
			isa = XCBuildConfiguration;
			buildSettings = {
				CODE_SIGN_STYLE = Automatic;
				PRODUCT_NAME = "$(TARGET_NAME)";
			};
			name = Debug;
		};
		665B723125FB1591002732C8 /* Release */ = {
			isa = XCBuildConfiguration;
			buildSettings = {
				CODE_SIGN_STYLE = Automatic;
				PRODUCT_NAME = "$(TARGET_NAME)";
			};
			name = Release;
		};
/* End XCBuildConfiguration section */

/* Begin XCConfigurationList section */
		665B722325FB1591002732C8 /* Build configuration list for PBXProject "3-Bank_Account" */ = {
			isa = XCConfigurationList;
			buildConfigurations = (
				665B722D25FB1591002732C8 /* Debug */,
				665B722E25FB1591002732C8 /* Release */,
			);
			defaultConfigurationIsVisible = 0;
			defaultConfigurationName = Release;
		};
		665B722F25FB1591002732C8 /* Build configuration list for PBXNativeTarget "3-Bank_Account" */ = {
			isa = XCConfigurationList;
			buildConfigurations = (
				665B723025FB1591002732C8 /* Debug */,
				665B723125FB1591002732C8 /* Release */,
			);
			defaultConfigurationIsVisible = 0;
			defaultConfigurationName = Release;
		};
/* End XCConfigurationList section */
	};
	rootObject = 665B722025FB1591002732C8 /* Project object */;
}
